// !$*UTF8*$!
{
	archiveVersion = 1;
	classes = {
	};
	objectVersion = 46;
	objects = {

/* Begin PBXBuildFile section */
		529D2DB81DEE5EC700731FDF /* DayTableViewCell.swift in Sources */ = {isa = PBXBuildFile; fileRef = 529D2DB71DEE5EC700731FDF /* DayTableViewCell.swift */; };
		52BDAE2C1DF5AEB300A33982 /* Charts.framework in Frameworks */ = {isa = PBXBuildFile; fileRef = 52BDAE1B1DF5AEA100A33982 /* Charts.framework */; };
		52BDAE2D1DF5AEB300A33982 /* Charts.framework in Embed Frameworks */ = {isa = PBXBuildFile; fileRef = 52BDAE1B1DF5AEA100A33982 /* Charts.framework */; settings = {ATTRIBUTES = (CodeSignOnCopy, RemoveHeadersOnCopy, ); }; };
		52E0F5251DF9FA6600B87504 /* appsplash.png in Resources */ = {isa = PBXBuildFile; fileRef = 52E0F5241DF9FA6600B87504 /* appsplash.png */; };
		52E0F52C1DF9FF5500B87504 /* WeeklyTotalViewCell.swift in Sources */ = {isa = PBXBuildFile; fileRef = 52E0F52B1DF9FF5500B87504 /* WeeklyTotalViewCell.swift */; };
		52E0F52E1DFA06A000B87504 /* WeeklyTableViewController.swift in Sources */ = {isa = PBXBuildFile; fileRef = 52E0F52D1DFA06A000B87504 /* WeeklyTableViewController.swift */; };
		52EFF8EC1DEC5CC70072A262 /* AppDelegate.swift in Sources */ = {isa = PBXBuildFile; fileRef = 52EFF8EB1DEC5CC70072A262 /* AppDelegate.swift */; };
		52EFF8EE1DEC5CC70072A262 /* ViewController.swift in Sources */ = {isa = PBXBuildFile; fileRef = 52EFF8ED1DEC5CC70072A262 /* ViewController.swift */; };
		52EFF8F11DEC5CC70072A262 /* Main.storyboard in Resources */ = {isa = PBXBuildFile; fileRef = 52EFF8EF1DEC5CC70072A262 /* Main.storyboard */; };
		52EFF8F31DEC5CC70072A262 /* Assets.xcassets in Resources */ = {isa = PBXBuildFile; fileRef = 52EFF8F21DEC5CC70072A262 /* Assets.xcassets */; };
		52EFF8F61DEC5CC70072A262 /* LaunchScreen.storyboard in Resources */ = {isa = PBXBuildFile; fileRef = 52EFF8F41DEC5CC70072A262 /* LaunchScreen.storyboard */; };
		52EFF9011DEC5CC70072A262 /* StepCounterTests.swift in Sources */ = {isa = PBXBuildFile; fileRef = 52EFF9001DEC5CC70072A262 /* StepCounterTests.swift */; };
		52EFF90C1DEC5CC70072A262 /* StepCounterUITests.swift in Sources */ = {isa = PBXBuildFile; fileRef = 52EFF90B1DEC5CC70072A262 /* StepCounterUITests.swift */; };
		52EFF91E1DED17B30072A262 /* File.swift in Sources */ = {isa = PBXBuildFile; fileRef = 52EFF91D1DED17B30072A262 /* File.swift */; };
/* End PBXBuildFile section */

/* Begin PBXContainerItemProxy section */
		52BDAE1A1DF5AEA100A33982 /* PBXContainerItemProxy */ = {
			isa = PBXContainerItemProxy;
			containerPortal = 52BDAE141DF5AEA100A33982 /* Charts.xcodeproj */;
			proxyType = 2;
			remoteGlobalIDString = 06165F241D8110E600722320;
			remoteInfo = Charts;
		};
		52BDAE1C1DF5AEA100A33982 /* PBXContainerItemProxy */ = {
			isa = PBXContainerItemProxy;
			containerPortal = 52BDAE141DF5AEA100A33982 /* Charts.xcodeproj */;
			proxyType = 2;
			remoteGlobalIDString = 06B120D51D811E6200D14B02;
			remoteInfo = ChartsRealm;
		};
		52BDAE1E1DF5AEA100A33982 /* PBXContainerItemProxy */ = {
			isa = PBXContainerItemProxy;
			containerPortal = 52BDAE141DF5AEA100A33982 /* Charts.xcodeproj */;
			proxyType = 2;
			remoteGlobalIDString = 06165F2E1D8110E600722320;
			remoteInfo = ChartsTests;
		};
		52BDAE261DF5AEAA00A33982 /* PBXContainerItemProxy */ = {
			isa = PBXContainerItemProxy;
			containerPortal = 52BDAE201DF5AEA900A33982 /* Charts.xcodeproj */;
			proxyType = 2;
			remoteGlobalIDString = 06165F241D8110E600722320;
			remoteInfo = Charts;
		};
		52BDAE281DF5AEAA00A33982 /* PBXContainerItemProxy */ = {
			isa = PBXContainerItemProxy;
			containerPortal = 52BDAE201DF5AEA900A33982 /* Charts.xcodeproj */;
			proxyType = 2;
			remoteGlobalIDString = 06B120D51D811E6200D14B02;
			remoteInfo = ChartsRealm;
		};
		52BDAE2A1DF5AEAA00A33982 /* PBXContainerItemProxy */ = {
			isa = PBXContainerItemProxy;
			containerPortal = 52BDAE201DF5AEA900A33982 /* Charts.xcodeproj */;
			proxyType = 2;
			remoteGlobalIDString = 06165F2E1D8110E600722320;
			remoteInfo = ChartsTests;
		};
		52BDAE2E1DF5AEB300A33982 /* PBXContainerItemProxy */ = {
			isa = PBXContainerItemProxy;
			containerPortal = 52BDAE141DF5AEA100A33982 /* Charts.xcodeproj */;
			proxyType = 1;
			remoteGlobalIDString = 06165F231D8110E600722320;
			remoteInfo = Charts;
		};
		52EFF8FD1DEC5CC70072A262 /* PBXContainerItemProxy */ = {
			isa = PBXContainerItemProxy;
			containerPortal = 52EFF8E01DEC5CC70072A262 /* Project object */;
			proxyType = 1;
			remoteGlobalIDString = 52EFF8E71DEC5CC70072A262;
			remoteInfo = StepCounter;
		};
		52EFF9081DEC5CC70072A262 /* PBXContainerItemProxy */ = {
			isa = PBXContainerItemProxy;
			containerPortal = 52EFF8E01DEC5CC70072A262 /* Project object */;
			proxyType = 1;
			remoteGlobalIDString = 52EFF8E71DEC5CC70072A262;
			remoteInfo = StepCounter;
		};
/* End PBXContainerItemProxy section */

/* Begin PBXCopyFilesBuildPhase section */
		629A272B1DF1CF85007A96DE /* Embed Frameworks */ = {
			isa = PBXCopyFilesBuildPhase;
			buildActionMask = 2147483647;
			dstPath = "";
			dstSubfolderSpec = 10;
			files = (
				52BDAE2D1DF5AEB300A33982 /* Charts.framework in Embed Frameworks */,
			);
			name = "Embed Frameworks";
			runOnlyForDeploymentPostprocessing = 0;
		};
/* End PBXCopyFilesBuildPhase section */

/* Begin PBXFileReference section */
		529D2DB71DEE5EC700731FDF /* DayTableViewCell.swift */ = {isa = PBXFileReference; fileEncoding = 4; lastKnownFileType = sourcecode.swift; name = DayTableViewCell.swift; path = ../DayTableViewCell.swift; sourceTree = "<group>"; };
		52BDAE141DF5AEA100A33982 /* Charts.xcodeproj */ = {isa = PBXFileReference; lastKnownFileType = "wrapper.pb-project"; name = Charts.xcodeproj; path = "../../../Downloads/Charts-master/Charts.xcodeproj"; sourceTree = "<group>"; };
		52BDAE201DF5AEA900A33982 /* Charts.xcodeproj */ = {isa = PBXFileReference; lastKnownFileType = "wrapper.pb-project"; name = Charts.xcodeproj; path = "../../../../Downloads/Charts-master/Charts.xcodeproj"; sourceTree = "<group>"; };
		52E0F5241DF9FA6600B87504 /* appsplash.png */ = {isa = PBXFileReference; lastKnownFileType = image.png; name = appsplash.png; path = ../../../../Desktop/appsplash.png; sourceTree = "<group>"; };
		52E0F52B1DF9FF5500B87504 /* WeeklyTotalViewCell.swift */ = {isa = PBXFileReference; fileEncoding = 4; lastKnownFileType = sourcecode.swift; path = WeeklyTotalViewCell.swift; sourceTree = "<group>"; };
		52E0F52D1DFA06A000B87504 /* WeeklyTableViewController.swift */ = {isa = PBXFileReference; fileEncoding = 4; lastKnownFileType = sourcecode.swift; path = WeeklyTableViewController.swift; sourceTree = "<group>"; };
		52EFF8E81DEC5CC70072A262 /* StepCounter.app */ = {isa = PBXFileReference; explicitFileType = wrapper.application; includeInIndex = 0; path = StepCounter.app; sourceTree = BUILT_PRODUCTS_DIR; };
		52EFF8EB1DEC5CC70072A262 /* AppDelegate.swift */ = {isa = PBXFileReference; lastKnownFileType = sourcecode.swift; path = AppDelegate.swift; sourceTree = "<group>"; };
		52EFF8ED1DEC5CC70072A262 /* ViewController.swift */ = {isa = PBXFileReference; lastKnownFileType = sourcecode.swift; path = ViewController.swift; sourceTree = "<group>"; };
		52EFF8F01DEC5CC70072A262 /* Base */ = {isa = PBXFileReference; lastKnownFileType = file.storyboard; name = Base; path = Base.lproj/Main.storyboard; sourceTree = "<group>"; };
		52EFF8F21DEC5CC70072A262 /* Assets.xcassets */ = {isa = PBXFileReference; lastKnownFileType = folder.assetcatalog; path = Assets.xcassets; sourceTree = "<group>"; };
		52EFF8F51DEC5CC70072A262 /* Base */ = {isa = PBXFileReference; lastKnownFileType = file.storyboard; name = Base; path = Base.lproj/LaunchScreen.storyboard; sourceTree = "<group>"; };
		52EFF8F71DEC5CC70072A262 /* Info.plist */ = {isa = PBXFileReference; lastKnownFileType = text.plist.xml; path = Info.plist; sourceTree = "<group>"; };
		52EFF8FC1DEC5CC70072A262 /* StepCounterTests.xctest */ = {isa = PBXFileReference; explicitFileType = wrapper.cfbundle; includeInIndex = 0; path = StepCounterTests.xctest; sourceTree = BUILT_PRODUCTS_DIR; };
		52EFF9001DEC5CC70072A262 /* StepCounterTests.swift */ = {isa = PBXFileReference; lastKnownFileType = sourcecode.swift; path = StepCounterTests.swift; sourceTree = "<group>"; };
		52EFF9021DEC5CC70072A262 /* Info.plist */ = {isa = PBXFileReference; lastKnownFileType = text.plist.xml; path = Info.plist; sourceTree = "<group>"; };
		52EFF9071DEC5CC70072A262 /* StepCounterUITests.xctest */ = {isa = PBXFileReference; explicitFileType = wrapper.cfbundle; includeInIndex = 0; path = StepCounterUITests.xctest; sourceTree = BUILT_PRODUCTS_DIR; };
		52EFF90B1DEC5CC70072A262 /* StepCounterUITests.swift */ = {isa = PBXFileReference; lastKnownFileType = sourcecode.swift; path = StepCounterUITests.swift; sourceTree = "<group>"; };
		52EFF90D1DEC5CC70072A262 /* Info.plist */ = {isa = PBXFileReference; lastKnownFileType = text.plist.xml; path = Info.plist; sourceTree = "<group>"; };
		52EFF9191DEC5CD80072A262 /* StepCounter.entitlements */ = {isa = PBXFileReference; lastKnownFileType = text.plist.entitlements; path = StepCounter.entitlements; sourceTree = "<group>"; };
		52EFF91B1DEC5CD80072A262 /* HealthKit.framework */ = {isa = PBXFileReference; lastKnownFileType = wrapper.framework; name = HealthKit.framework; path = System/Library/Frameworks/HealthKit.framework; sourceTree = SDKROOT; };
		52EFF91D1DED17B30072A262 /* File.swift */ = {isa = PBXFileReference; fileEncoding = 4; lastKnownFileType = sourcecode.swift; path = File.swift; sourceTree = "<group>"; };
/* End PBXFileReference section */

/* Begin PBXFrameworksBuildPhase section */
		52EFF8E51DEC5CC70072A262 /* Frameworks */ = {
			isa = PBXFrameworksBuildPhase;
			buildActionMask = 2147483647;
			files = (
				52BDAE2C1DF5AEB300A33982 /* Charts.framework in Frameworks */,
			);
			runOnlyForDeploymentPostprocessing = 0;
		};
		52EFF8F91DEC5CC70072A262 /* Frameworks */ = {
			isa = PBXFrameworksBuildPhase;
			buildActionMask = 2147483647;
			files = (
			);
			runOnlyForDeploymentPostprocessing = 0;
		};
		52EFF9041DEC5CC70072A262 /* Frameworks */ = {
			isa = PBXFrameworksBuildPhase;
			buildActionMask = 2147483647;
			files = (
			);
			runOnlyForDeploymentPostprocessing = 0;
		};
/* End PBXFrameworksBuildPhase section */

/* Begin PBXGroup section */
		52BDAE151DF5AEA100A33982 /* Products */ = {
			isa = PBXGroup;
			children = (
				52BDAE1B1DF5AEA100A33982 /* Charts.framework */,
				52BDAE1D1DF5AEA100A33982 /* ChartsRealm.framework */,
				52BDAE1F1DF5AEA100A33982 /* ChartsTests.xctest */,
			);
			name = Products;
			sourceTree = "<group>";
		};
		52BDAE211DF5AEA900A33982 /* Products */ = {
			isa = PBXGroup;
			children = (
				52BDAE271DF5AEAA00A33982 /* Charts.framework */,
				52BDAE291DF5AEAA00A33982 /* ChartsRealm.framework */,
				52BDAE2B1DF5AEAA00A33982 /* ChartsTests.xctest */,
			);
			name = Products;
			sourceTree = "<group>";
		};
		52EFF8DF1DEC5CC70072A262 = {
			isa = PBXGroup;
			children = (
				52EFF8EA1DEC5CC70072A262 /* StepCounter */,
				52EFF8FF1DEC5CC70072A262 /* StepCounterTests */,
				52EFF90A1DEC5CC70072A262 /* StepCounterUITests */,
				52EFF8E91DEC5CC70072A262 /* Products */,
				52EFF91A1DEC5CD80072A262 /* Frameworks */,
			);
			sourceTree = "<group>";
		};
		52EFF8E91DEC5CC70072A262 /* Products */ = {
			isa = PBXGroup;
			children = (
				52EFF8E81DEC5CC70072A262 /* StepCounter.app */,
				52EFF8FC1DEC5CC70072A262 /* StepCounterTests.xctest */,
				52EFF9071DEC5CC70072A262 /* StepCounterUITests.xctest */,
			);
			name = Products;
			sourceTree = "<group>";
		};
		52EFF8EA1DEC5CC70072A262 /* StepCounter */ = {
			isa = PBXGroup;
			children = (
				529D2DB71DEE5EC700731FDF /* DayTableViewCell.swift */,
				52EFF9191DEC5CD80072A262 /* StepCounter.entitlements */,
				52EFF8EB1DEC5CC70072A262 /* AppDelegate.swift */,
				52EFF8ED1DEC5CC70072A262 /* ViewController.swift */,
				52EFF8EF1DEC5CC70072A262 /* Main.storyboard */,
				52E0F52D1DFA06A000B87504 /* WeeklyTableViewController.swift */,
				52E0F52B1DF9FF5500B87504 /* WeeklyTotalViewCell.swift */,
				52EFF91D1DED17B30072A262 /* File.swift */,
				52E0F5241DF9FA6600B87504 /* appsplash.png */,
				52EFF8F21DEC5CC70072A262 /* Assets.xcassets */,
				52BDAE201DF5AEA900A33982 /* Charts.xcodeproj */,
				52EFF8F41DEC5CC70072A262 /* LaunchScreen.storyboard */,
				52EFF8F71DEC5CC70072A262 /* Info.plist */,
			);
			path = StepCounter;
			sourceTree = "<group>";
		};
		52EFF8FF1DEC5CC70072A262 /* StepCounterTests */ = {
			isa = PBXGroup;
			children = (
				52EFF9001DEC5CC70072A262 /* StepCounterTests.swift */,
				52EFF9021DEC5CC70072A262 /* Info.plist */,
			);
			path = StepCounterTests;
			sourceTree = "<group>";
		};
		52EFF90A1DEC5CC70072A262 /* StepCounterUITests */ = {
			isa = PBXGroup;
			children = (
				52EFF90B1DEC5CC70072A262 /* StepCounterUITests.swift */,
				52EFF90D1DEC5CC70072A262 /* Info.plist */,
			);
			path = StepCounterUITests;
			sourceTree = "<group>";
		};
		52EFF91A1DEC5CD80072A262 /* Frameworks */ = {
			isa = PBXGroup;
			children = (
				52BDAE141DF5AEA100A33982 /* Charts.xcodeproj */,
				52EFF91B1DEC5CD80072A262 /* HealthKit.framework */,
			);
			name = Frameworks;
			sourceTree = "<group>";
		};
/* End PBXGroup section */

/* Begin PBXNativeTarget section */
		52EFF8E71DEC5CC70072A262 /* StepCounter */ = {
			isa = PBXNativeTarget;
			buildConfigurationList = 52EFF9101DEC5CC70072A262 /* Build configuration list for PBXNativeTarget "StepCounter" */;
			buildPhases = (
				52EFF8E41DEC5CC70072A262 /* Sources */,
				52EFF8E51DEC5CC70072A262 /* Frameworks */,
				52EFF8E61DEC5CC70072A262 /* Resources */,
				629A272B1DF1CF85007A96DE /* Embed Frameworks */,
			);
			buildRules = (
			);
			dependencies = (
				52BDAE2F1DF5AEB300A33982 /* PBXTargetDependency */,
			);
			name = StepCounter;
			productName = StepCounter;
			productReference = 52EFF8E81DEC5CC70072A262 /* StepCounter.app */;
			productType = "com.apple.product-type.application";
		};
		52EFF8FB1DEC5CC70072A262 /* StepCounterTests */ = {
			isa = PBXNativeTarget;
			buildConfigurationList = 52EFF9131DEC5CC70072A262 /* Build configuration list for PBXNativeTarget "StepCounterTests" */;
			buildPhases = (
				52EFF8F81DEC5CC70072A262 /* Sources */,
				52EFF8F91DEC5CC70072A262 /* Frameworks */,
				52EFF8FA1DEC5CC70072A262 /* Resources */,
			);
			buildRules = (
			);
			dependencies = (
				52EFF8FE1DEC5CC70072A262 /* PBXTargetDependency */,
			);
			name = StepCounterTests;
			productName = StepCounterTests;
			productReference = 52EFF8FC1DEC5CC70072A262 /* StepCounterTests.xctest */;
			productType = "com.apple.product-type.bundle.unit-test";
		};
		52EFF9061DEC5CC70072A262 /* StepCounterUITests */ = {
			isa = PBXNativeTarget;
			buildConfigurationList = 52EFF9161DEC5CC70072A262 /* Build configuration list for PBXNativeTarget "StepCounterUITests" */;
			buildPhases = (
				52EFF9031DEC5CC70072A262 /* Sources */,
				52EFF9041DEC5CC70072A262 /* Frameworks */,
				52EFF9051DEC5CC70072A262 /* Resources */,
			);
			buildRules = (
			);
			dependencies = (
				52EFF9091DEC5CC70072A262 /* PBXTargetDependency */,
			);
			name = StepCounterUITests;
			productName = StepCounterUITests;
			productReference = 52EFF9071DEC5CC70072A262 /* StepCounterUITests.xctest */;
			productType = "com.apple.product-type.bundle.ui-testing";
		};
/* End PBXNativeTarget section */

/* Begin PBXProject section */
		52EFF8E01DEC5CC70072A262 /* Project object */ = {
			isa = PBXProject;
			attributes = {
				LastSwiftUpdateCheck = 0810;
				LastUpgradeCheck = 0810;
				ORGANIZATIONNAME = sc;
				TargetAttributes = {
					52EFF8E71DEC5CC70072A262 = {
						CreatedOnToolsVersion = 8.1;
						DevelopmentTeam = AZ8P67SA3D;
						ProvisioningStyle = Automatic;
						SystemCapabilities = {
							com.apple.BackgroundModes = {
								enabled = 1;
							};
							com.apple.HealthKit = {
								enabled = 1;
							};
						};
					};
					52EFF8FB1DEC5CC70072A262 = {
						CreatedOnToolsVersion = 8.1;
						ProvisioningStyle = Automatic;
						TestTargetID = 52EFF8E71DEC5CC70072A262;
					};
					52EFF9061DEC5CC70072A262 = {
						CreatedOnToolsVersion = 8.1;
						ProvisioningStyle = Automatic;
						TestTargetID = 52EFF8E71DEC5CC70072A262;
					};
				};
			};
			buildConfigurationList = 52EFF8E31DEC5CC70072A262 /* Build configuration list for PBXProject "StepCounter" */;
			compatibilityVersion = "Xcode 3.2";
			developmentRegion = English;
			hasScannedForEncodings = 0;
			knownRegions = (
				en,
				Base,
			);
			mainGroup = 52EFF8DF1DEC5CC70072A262;
			productRefGroup = 52EFF8E91DEC5CC70072A262 /* Products */;
			projectDirPath = "";
			projectReferences = (
				{
					ProductGroup = 52BDAE151DF5AEA100A33982 /* Products */;
					ProjectRef = 52BDAE141DF5AEA100A33982 /* Charts.xcodeproj */;
				},
				{
					ProductGroup = 52BDAE211DF5AEA900A33982 /* Products */;
					ProjectRef = 52BDAE201DF5AEA900A33982 /* Charts.xcodeproj */;
				},
			);
			projectRoot = "";
			targets = (
				52EFF8E71DEC5CC70072A262 /* StepCounter */,
				52EFF8FB1DEC5CC70072A262 /* StepCounterTests */,
				52EFF9061DEC5CC70072A262 /* StepCounterUITests */,
			);
		};
/* End PBXProject section */

/* Begin PBXReferenceProxy section */
		52BDAE1B1DF5AEA100A33982 /* Charts.framework */ = {
			isa = PBXReferenceProxy;
			fileType = wrapper.framework;
			path = Charts.framework;
			remoteRef = 52BDAE1A1DF5AEA100A33982 /* PBXContainerItemProxy */;
			sourceTree = BUILT_PRODUCTS_DIR;
		};
		52BDAE1D1DF5AEA100A33982 /* ChartsRealm.framework */ = {
			isa = PBXReferenceProxy;
			fileType = wrapper.framework;
			path = ChartsRealm.framework;
			remoteRef = 52BDAE1C1DF5AEA100A33982 /* PBXContainerItemProxy */;
			sourceTree = BUILT_PRODUCTS_DIR;
		};
		52BDAE1F1DF5AEA100A33982 /* ChartsTests.xctest */ = {
			isa = PBXReferenceProxy;
			fileType = wrapper.cfbundle;
			path = ChartsTests.xctest;
			remoteRef = 52BDAE1E1DF5AEA100A33982 /* PBXContainerItemProxy */;
			sourceTree = BUILT_PRODUCTS_DIR;
		};
		52BDAE271DF5AEAA00A33982 /* Charts.framework */ = {
			isa = PBXReferenceProxy;
			fileType = wrapper.framework;
			path = Charts.framework;
			remoteRef = 52BDAE261DF5AEAA00A33982 /* PBXContainerItemProxy */;
			sourceTree = BUILT_PRODUCTS_DIR;
		};
		52BDAE291DF5AEAA00A33982 /* ChartsRealm.framework */ = {
			isa = PBXReferenceProxy;
			fileType = wrapper.framework;
			path = ChartsRealm.framework;
			remoteRef = 52BDAE281DF5AEAA00A33982 /* PBXContainerItemProxy */;
			sourceTree = BUILT_PRODUCTS_DIR;
		};
		52BDAE2B1DF5AEAA00A33982 /* ChartsTests.xctest */ = {
			isa = PBXReferenceProxy;
			fileType = wrapper.cfbundle;
			path = ChartsTests.xctest;
			remoteRef = 52BDAE2A1DF5AEAA00A33982 /* PBXContainerItemProxy */;
			sourceTree = BUILT_PRODUCTS_DIR;
		};
/* End PBXReferenceProxy section */

/* Begin PBXResourcesBuildPhase section */
		52EFF8E61DEC5CC70072A262 /* Resources */ = {
			isa = PBXResourcesBuildPhase;
			buildActionMask = 2147483647;
			files = (
				52E0F5251DF9FA6600B87504 /* appsplash.png in Resources */,
				52EFF8F61DEC5CC70072A262 /* LaunchScreen.storyboard in Resources */,
				52EFF8F31DEC5CC70072A262 /* Assets.xcassets in Resources */,
				52EFF8F11DEC5CC70072A262 /* Main.storyboard in Resources */,
			);
			runOnlyForDeploymentPostprocessing = 0;
		};
		52EFF8FA1DEC5CC70072A262 /* Resources */ = {
			isa = PBXResourcesBuildPhase;
			buildActionMask = 2147483647;
			files = (
			);
			runOnlyForDeploymentPostprocessing = 0;
		};
		52EFF9051DEC5CC70072A262 /* Resources */ = {
			isa = PBXResourcesBuildPhase;
			buildActionMask = 2147483647;
			files = (
			);
			runOnlyForDeploymentPostprocessing = 0;
		};
/* End PBXResourcesBuildPhase section */

/* Begin PBXSourcesBuildPhase section */
		52EFF8E41DEC5CC70072A262 /* Sources */ = {
			isa = PBXSourcesBuildPhase;
			buildActionMask = 2147483647;
			files = (
				52EFF8EE1DEC5CC70072A262 /* ViewController.swift in Sources */,
				52E0F52C1DF9FF5500B87504 /* WeeklyTotalViewCell.swift in Sources */,
				52E0F52E1DFA06A000B87504 /* WeeklyTableViewController.swift in Sources */,
				52EFF91E1DED17B30072A262 /* File.swift in Sources */,
				529D2DB81DEE5EC700731FDF /* DayTableViewCell.swift in Sources */,
				52EFF8EC1DEC5CC70072A262 /* AppDelegate.swift in Sources */,
			);
			runOnlyForDeploymentPostprocessing = 0;
		};
		52EFF8F81DEC5CC70072A262 /* Sources */ = {
			isa = PBXSourcesBuildPhase;
			buildActionMask = 2147483647;
			files = (
				52EFF9011DEC5CC70072A262 /* StepCounterTests.swift in Sources */,
			);
			runOnlyForDeploymentPostprocessing = 0;
		};
		52EFF9031DEC5CC70072A262 /* Sources */ = {
			isa = PBXSourcesBuildPhase;
			buildActionMask = 2147483647;
			files = (
				52EFF90C1DEC5CC70072A262 /* StepCounterUITests.swift in Sources */,
			);
			runOnlyForDeploymentPostprocessing = 0;
		};
/* End PBXSourcesBuildPhase section */

/* Begin PBXTargetDependency section */
		52BDAE2F1DF5AEB300A33982 /* PBXTargetDependency */ = {
			isa = PBXTargetDependency;
			name = Charts;
			targetProxy = 52BDAE2E1DF5AEB300A33982 /* PBXContainerItemProxy */;
		};
		52EFF8FE1DEC5CC70072A262 /* PBXTargetDependency */ = {
			isa = PBXTargetDependency;
			target = 52EFF8E71DEC5CC70072A262 /* StepCounter */;
			targetProxy = 52EFF8FD1DEC5CC70072A262 /* PBXContainerItemProxy */;
		};
		52EFF9091DEC5CC70072A262 /* PBXTargetDependency */ = {
			isa = PBXTargetDependency;
			target = 52EFF8E71DEC5CC70072A262 /* StepCounter */;
			targetProxy = 52EFF9081DEC5CC70072A262 /* PBXContainerItemProxy */;
		};
/* End PBXTargetDependency section */

/* Begin PBXVariantGroup section */
		52EFF8EF1DEC5CC70072A262 /* Main.storyboard */ = {
			isa = PBXVariantGroup;
			children = (
				52EFF8F01DEC5CC70072A262 /* Base */,
			);
			name = Main.storyboard;
			sourceTree = "<group>";
		};
		52EFF8F41DEC5CC70072A262 /* LaunchScreen.storyboard */ = {
			isa = PBXVariantGroup;
			children = (
				52EFF8F51DEC5CC70072A262 /* Base */,
			);
			name = LaunchScreen.storyboard;
			sourceTree = "<group>";
		};
/* End PBXVariantGroup section */

/* Begin XCBuildConfiguration section */
		52EFF90E1DEC5CC70072A262 /* Debug */ = {
			isa = XCBuildConfiguration;
			buildSettings = {
				ALWAYS_SEARCH_USER_PATHS = NO;
				CLANG_ANALYZER_NONNULL = YES;
				CLANG_CXX_LANGUAGE_STANDARD = "gnu++0x";
				CLANG_CXX_LIBRARY = "libc++";
				CLANG_ENABLE_MODULES = YES;
				CLANG_ENABLE_OBJC_ARC = YES;
				CLANG_WARN_BOOL_CONVERSION = YES;
				CLANG_WARN_CONSTANT_CONVERSION = YES;
				CLANG_WARN_DIRECT_OBJC_ISA_USAGE = YES_ERROR;
				CLANG_WARN_DOCUMENTATION_COMMENTS = YES;
				CLANG_WARN_EMPTY_BODY = YES;
				CLANG_WARN_ENUM_CONVERSION = YES;
				CLANG_WARN_INFINITE_RECURSION = YES;
				CLANG_WARN_INT_CONVERSION = YES;
				CLANG_WARN_OBJC_ROOT_CLASS = YES_ERROR;
				CLANG_WARN_SUSPICIOUS_MOVES = YES;
				CLANG_WARN_UNREACHABLE_CODE = YES;
				CLANG_WARN__DUPLICATE_METHOD_MATCH = YES;
				"CODE_SIGN_IDENTITY[sdk=iphoneos*]" = "iPhone Developer";
				COPY_PHASE_STRIP = NO;
				DEBUG_INFORMATION_FORMAT = dwarf;
				ENABLE_STRICT_OBJC_MSGSEND = YES;
				ENABLE_TESTABILITY = YES;
				GCC_C_LANGUAGE_STANDARD = gnu99;
				GCC_DYNAMIC_NO_PIC = NO;
				GCC_NO_COMMON_BLOCKS = YES;
				GCC_OPTIMIZATION_LEVEL = 0;
				GCC_PREPROCESSOR_DEFINITIONS = (
					"DEBUG=1",
					"$(inherited)",
				);
				GCC_WARN_64_TO_32_BIT_CONVERSION = YES;
				GCC_WARN_ABOUT_RETURN_TYPE = YES_ERROR;
				GCC_WARN_UNDECLARED_SELECTOR = YES;
				GCC_WARN_UNINITIALIZED_AUTOS = YES_AGGRESSIVE;
				GCC_WARN_UNUSED_FUNCTION = YES;
				GCC_WARN_UNUSED_VARIABLE = YES;
				IPHONEOS_DEPLOYMENT_TARGET = 10.1;
				MTL_ENABLE_DEBUG_INFO = YES;
				ONLY_ACTIVE_ARCH = YES;
				SDKROOT = iphoneos;
				SWIFT_ACTIVE_COMPILATION_CONDITIONS = DEBUG;
				SWIFT_OPTIMIZATION_LEVEL = "-Onone";
				TARGETED_DEVICE_FAMILY = "1,2";
			};
			name = Debug;
		};
		52EFF90F1DEC5CC70072A262 /* Release */ = {
			isa = XCBuildConfiguration;
			buildSettings = {
				ALWAYS_SEARCH_USER_PATHS = NO;
				CLANG_ANALYZER_NONNULL = YES;
				CLANG_CXX_LANGUAGE_STANDARD = "gnu++0x";
				CLANG_CXX_LIBRARY = "libc++";
				CLANG_ENABLE_MODULES = YES;
				CLANG_ENABLE_OBJC_ARC = YES;
				CLANG_WARN_BOOL_CONVERSION = YES;
				CLANG_WARN_CONSTANT_CONVERSION = YES;
				CLANG_WARN_DIRECT_OBJC_ISA_USAGE = YES_ERROR;
				CLANG_WARN_DOCUMENTATION_COMMENTS = YES;
				CLANG_WARN_EMPTY_BODY = YES;
				CLANG_WARN_ENUM_CONVERSION = YES;
				CLANG_WARN_INFINITE_RECURSION = YES;
				CLANG_WARN_INT_CONVERSION = YES;
				CLANG_WARN_OBJC_ROOT_CLASS = YES_ERROR;
				CLANG_WARN_SUSPICIOUS_MOVES = YES;
				CLANG_WARN_UNREACHABLE_CODE = YES;
				CLANG_WARN__DUPLICATE_METHOD_MATCH = YES;
				"CODE_SIGN_IDENTITY[sdk=iphoneos*]" = "iPhone Developer";
				COPY_PHASE_STRIP = NO;
				DEBUG_INFORMATION_FORMAT = "dwarf-with-dsym";
				ENABLE_NS_ASSERTIONS = NO;
				ENABLE_STRICT_OBJC_MSGSEND = YES;
				GCC_C_LANGUAGE_STANDARD = gnu99;
				GCC_NO_COMMON_BLOCKS = YES;
				GCC_WARN_64_TO_32_BIT_CONVERSION = YES;
				GCC_WARN_ABOUT_RETURN_TYPE = YES_ERROR;
				GCC_WARN_UNDECLARED_SELECTOR = YES;
				GCC_WARN_UNINITIALIZED_AUTOS = YES_AGGRESSIVE;
				GCC_WARN_UNUSED_FUNCTION = YES;
				GCC_WARN_UNUSED_VARIABLE = YES;
				IPHONEOS_DEPLOYMENT_TARGET = 10.1;
				MTL_ENABLE_DEBUG_INFO = NO;
				SDKROOT = iphoneos;
				SWIFT_OPTIMIZATION_LEVEL = "-Owholemodule";
				TARGETED_DEVICE_FAMILY = "1,2";
				VALIDATE_PRODUCT = YES;
			};
			name = Release;
		};
		52EFF9111DEC5CC70072A262 /* Debug */ = {
			isa = XCBuildConfiguration;
			buildSettings = {
				ALWAYS_EMBED_SWIFT_STANDARD_LIBRARIES = YES;
				ASSETCATALOG_COMPILER_APPICON_NAME = AppIcon;
				CODE_SIGN_ENTITLEMENTS = StepCounter/StepCounter.entitlements;
				DEVELOPMENT_TEAM = AZ8P67SA3D;
				INFOPLIST_FILE = StepCounter/Info.plist;
				IPHONEOS_DEPLOYMENT_TARGET = 10.0;
				LD_RUNPATH_SEARCH_PATHS = "$(inherited) @executable_path/Frameworks";
				PRODUCT_BUNDLE_IDENTIFIER = wit.StepCounter;
				PRODUCT_NAME = "$(TARGET_NAME)";
				SWIFT_VERSION = 3.0;
			};
			name = Debug;
		};
		52EFF9121DEC5CC70072A262 /* Release */ = {
			isa = XCBuildConfiguration;
			buildSettings = {
				ALWAYS_EMBED_SWIFT_STANDARD_LIBRARIES = YES;
				ASSETCATALOG_COMPILER_APPICON_NAME = AppIcon;
				CODE_SIGN_ENTITLEMENTS = StepCounter/StepCounter.entitlements;
				DEVELOPMENT_TEAM = AZ8P67SA3D;
				INFOPLIST_FILE = StepCounter/Info.plist;
				IPHONEOS_DEPLOYMENT_TARGET = 10.0;
				LD_RUNPATH_SEARCH_PATHS = "$(inherited) @executable_path/Frameworks";
				PRODUCT_BUNDLE_IDENTIFIER = wit.StepCounter;
				PRODUCT_NAME = "$(TARGET_NAME)";
				SWIFT_VERSION = 3.0;
			};
			name = Release;
		};
		52EFF9141DEC5CC70072A262 /* Debug */ = {
			isa = XCBuildConfiguration;
			buildSettings = {
				ALWAYS_EMBED_SWIFT_STANDARD_LIBRARIES = YES;
				BUNDLE_LOADER = "$(TEST_HOST)";
				INFOPLIST_FILE = StepCounterTests/Info.plist;
				LD_RUNPATH_SEARCH_PATHS = "$(inherited) @executable_path/Frameworks @loader_path/Frameworks";
				PRODUCT_BUNDLE_IDENTIFIER = wit.StepCounterTests;
				PRODUCT_NAME = "$(TARGET_NAME)";
				SWIFT_VERSION = 3.0;
				TEST_HOST = "$(BUILT_PRODUCTS_DIR)/StepCounter.app/StepCounter";
			};
			name = Debug;
		};
		52EFF9151DEC5CC70072A262 /* Release */ = {
			isa = XCBuildConfiguration;
			buildSettings = {
				ALWAYS_EMBED_SWIFT_STANDARD_LIBRARIES = YES;
				BUNDLE_LOADER = "$(TEST_HOST)";
				INFOPLIST_FILE = StepCounterTests/Info.plist;
				LD_RUNPATH_SEARCH_PATHS = "$(inherited) @executable_path/Frameworks @loader_path/Frameworks";
				PRODUCT_BUNDLE_IDENTIFIER = wit.StepCounterTests;
				PRODUCT_NAME = "$(TARGET_NAME)";
				SWIFT_VERSION = 3.0;
				TEST_HOST = "$(BUILT_PRODUCTS_DIR)/StepCounter.app/StepCounter";
			};
			name = Release;
		};
		52EFF9171DEC5CC70072A262 /* Debug */ = {
			isa = XCBuildConfiguration;
			buildSettings = {
				ALWAYS_EMBED_SWIFT_STANDARD_LIBRARIES = YES;
				INFOPLIST_FILE = StepCounterUITests/Info.plist;
				LD_RUNPATH_SEARCH_PATHS = "$(inherited) @executable_path/Frameworks @loader_path/Frameworks";
				PRODUCT_BUNDLE_IDENTIFIER = wit.StepCounterUITests;
				PRODUCT_NAME = "$(TARGET_NAME)";
				SWIFT_VERSION = 3.0;
				TEST_TARGET_NAME = StepCounter;
			};
			name = Debug;
		};
		52EFF9181DEC5CC70072A262 /* Release */ = {
			isa = XCBuildConfiguration;
			buildSettings = {
				ALWAYS_EMBED_SWIFT_STANDARD_LIBRARIES = YES;
				INFOPLIST_FILE = StepCounterUITests/Info.plist;
				LD_RUNPATH_SEARCH_PATHS = "$(inherited) @executable_path/Frameworks @loader_path/Frameworks";
				PRODUCT_BUNDLE_IDENTIFIER = wit.StepCounterUITests;
				PRODUCT_NAME = "$(TARGET_NAME)";
				SWIFT_VERSION = 3.0;
				TEST_TARGET_NAME = StepCounter;
			};
			name = Release;
		};
/* End XCBuildConfiguration section */

/* Begin XCConfigurationList section */
		52EFF8E31DEC5CC70072A262 /* Build configuration list for PBXProject "StepCounter" */ = {
			isa = XCConfigurationList;
			buildConfigurations = (
				52EFF90E1DEC5CC70072A262 /* Debug */,
				52EFF90F1DEC5CC70072A262 /* Release */,
			);
			defaultConfigurationIsVisible = 0;
			defaultConfigurationName = Release;
		};
		52EFF9101DEC5CC70072A262 /* Build configuration list for PBXNativeTarget "StepCounter" */ = {
			isa = XCConfigurationList;
			buildConfigurations = (
				52EFF9111DEC5CC70072A262 /* Debug */,
				52EFF9121DEC5CC70072A262 /* Release */,
			);
			defaultConfigurationIsVisible = 0;
			defaultConfigurationName = Release;
		};
		52EFF9131DEC5CC70072A262 /* Build configuration list for PBXNativeTarget "StepCounterTests" */ = {
			isa = XCConfigurationList;
			buildConfigurations = (
				52EFF9141DEC5CC70072A262 /* Debug */,
				52EFF9151DEC5CC70072A262 /* Release */,
			);
			defaultConfigurationIsVisible = 0;
			defaultConfigurationName = Release;
		};
		52EFF9161DEC5CC70072A262 /* Build configuration list for PBXNativeTarget "StepCounterUITests" */ = {
			isa = XCConfigurationList;
			buildConfigurations = (
				52EFF9171DEC5CC70072A262 /* Debug */,
				52EFF9181DEC5CC70072A262 /* Release */,
			);
			defaultConfigurationIsVisible = 0;
			defaultConfigurationName = Release;
		};
/* End XCConfigurationList section */
	};
	rootObject = 52EFF8E01DEC5CC70072A262 /* Project object */;
}
